{
  "name": "APP",
  "version": "1.0.0",
  "lockfileVersion": 1,
  "requires": true,
  "dependencies": {
    "on": {
      "version": "file:../../MY-NODE-APP9CB40F00-65B1-4B08-8092-32BCE6DDE16B/src/engine"
    },
    "up": {
      "version": "file:../../MY-NODE-APPE51C32F1-847A-4A7B-99A3-FF485077904B/src"
    }
  }
}
